
Microsoft Visual Studio Solution File, Format Version 12.00
# Visual Studio 2013
VisualStudioVersion = 12.0.30723.0
MinimumVisualStudioVersion = 10.0.40219.1
Project("{FAE04EC0-301F-11D3-BF4B-00C04F79EFBC}") = "HostWebApp", "HostWebApp\HostWebApp.csproj", "{A35D26EA-E869-4FDE-BB67-E88C2D892DCC}"
EndProject
Project("{2150E333-8FDC-42A3-9474-1A3956D46DE8}") = ".nuget", ".nuget", "{5F99E9F7-D36F-4348-856B-8808D4C9C70E}"
	ProjectSection(SolutionItems) = preProject
		.nuget\NuGet.Config = .nuget\NuGet.Config
		.nuget\NuGet.exe = .nuget\NuGet.exe
		.nuget\NuGet.targets = .nuget\NuGet.targets
	EndProjectSection
EndProject
Project("{2150E333-8FDC-42A3-9474-1A3956D46DE8}") = "SubTree_MvcLib", "SubTree_MvcLib", "{42293AF8-1211-4E32-8B48-1C7C473B5900}"
EndProject
Project("{FAE04EC0-301F-11D3-BF4B-00C04F79EFBC}") = "Frankstein.Bootstrapper", "Frankstein\Frankstein.Bootstrapper\Frankstein.Bootstrapper.csproj", "{741F4607-7D76-481F-9D5E-015FBB95AA84}"
EndProject
Project("{FAE04EC0-301F-11D3-BF4B-00C04F79EFBC}") = "Frankstein.Common", "Frankstein\Frankstein.Common\Frankstein.Common.csproj", "{7EA8CAB5-30B9-4069-A8C5-D553CA4016B0}"
EndProject
Project("{FAE04EC0-301F-11D3-BF4B-00C04F79EFBC}") = "Frankstein.Common.Mvc", "Frankstein\Frankstein.Common.Mvc\Frankstein.Common.Mvc.csproj", "{4550BC11-B931-4872-87FD-726957542EFA}"
EndProject
Project("{FAE04EC0-301F-11D3-BF4B-00C04F79EFBC}") = "Frankstein.VirtualPathProviders", "Frankstein\Frankstein.VirtualPathProviders\Frankstein.VirtualPathProviders.csproj", "{6C33542A-E1A8-4487-8639-6B44D527847A}"
EndProject
Project("{FAE04EC0-301F-11D3-BF4B-00C04F79EFBC}") = "Frankstein.DbFileSystem", "Frankstein\Frankstein.DbFileSystem\Frankstein.DbFileSystem.csproj", "{969929C3-2898-49B8-9EC8-DE7A28884524}"
EndProject
Project("{FAE04EC0-301F-11D3-BF4B-00C04F79EFBC}") = "Frankstein.FsDump", "Frankstein\Frankstein.FsDump\Frankstein.FsDump.csproj", "{3971D9AD-BB07-4675-BABF-471BE04E2490}"
EndProject
Project("{FAE04EC0-301F-11D3-BF4B-00C04F79EFBC}") = "Frankstein.HttpModules", "Frankstein\Frankstein.HttpModules\Frankstein.HttpModules.csproj", "{061AFD8C-DEFA-4AC6-8CB5-E9A4DEF11D40}"
EndProject
Project("{FAE04EC0-301F-11D3-BF4B-00C04F79EFBC}") = "Frankstein.Kompiler", "Frankstein\Frankstein.Kompiler\Frankstein.Kompiler.csproj", "{03B91668-CF22-48FB-8853-82ABFA6E2A27}"
EndProject
Project("{FAE04EC0-301F-11D3-BF4B-00C04F79EFBC}") = "Frankstein.PluginLoader", "Frankstein\Frankstein.PluginLoader\Frankstein.PluginLoader.csproj", "{FFBE8285-9C7A-41F6-BF1E-58DE5CAC726D}"
EndProject
Project("{2150E333-8FDC-42A3-9474-1A3956D46DE8}") = "docs", "docs", "{6AA9AACA-367B-4B44-BF08-6AD8C2E0F2B7}"
	ProjectSection(SolutionItems) = preProject
		docs\manual.txt = docs\manual.txt
	EndProjectSection
EndProject
Project("{FAE04EC0-301F-11D3-BF4B-00C04F79EFBC}") = "Frankstein.Common.Configuration", "Frankstein\Frankstein.Common.Configuration\Frankstein.Common.Configuration.csproj", "{5BF3A6D6-DB75-41EE-9C84-BBFB37F03EA0}"
EndProject
Project("{FAE04EC0-301F-11D3-BF4B-00C04F79EFBC}") = "Frankstein.EntityFramework", "Frankstein\Frankstein.EntityFramework\Frankstein.EntityFramework.csproj", "{F1C57F14-C476-4063-B48F-89FB0C18BD03}"
EndProject
Project("{FAE04EC0-301F-11D3-BF4B-00C04F79EFBC}") = "Frankstein.Corporate", "Frankstein\Frankstein.Corporate\Frankstein.Corporate.csproj", "{13EB667E-984E-432C-85C6-D53D60CAA18F}"
EndProject
Project("{FAE04EC0-301F-11D3-BF4B-00C04F79EFBC}") = "Frankstein.DOP", "Frankstein\Frankstein.DOP\Frankstein.DOP.csproj", "{F2FCAE43-2505-4454-B8CD-85999C3274E2}"
EndProject
Global
	GlobalSection(SolutionConfigurationPlatforms) = preSolution
		Debug|Any CPU = Debug|Any CPU
		Release|Any CPU = Release|Any CPU
	EndGlobalSection
	GlobalSection(ProjectConfigurationPlatforms) = postSolution
		{A35D26EA-E869-4FDE-BB67-E88C2D892DCC}.Debug|Any CPU.ActiveCfg = Debug|Any CPU
		{A35D26EA-E869-4FDE-BB67-E88C2D892DCC}.Debug|Any CPU.Build.0 = Debug|Any CPU
		{A35D26EA-E869-4FDE-BB67-E88C2D892DCC}.Release|Any CPU.ActiveCfg = Release|Any CPU
		{A35D26EA-E869-4FDE-BB67-E88C2D892DCC}.Release|Any CPU.Build.0 = Release|Any CPU
		{741F4607-7D76-481F-9D5E-015FBB95AA84}.Debug|Any CPU.ActiveCfg = Debug|Any CPU
		{741F4607-7D76-481F-9D5E-015FBB95AA84}.Debug|Any CPU.Build.0 = Debug|Any CPU
		{741F4607-7D76-481F-9D5E-015FBB95AA84}.Release|Any CPU.ActiveCfg = Release|Any CPU
		{741F4607-7D76-481F-9D5E-015FBB95AA84}.Release|Any CPU.Build.0 = Release|Any CPU
		{7EA8CAB5-30B9-4069-A8C5-D553CA4016B0}.Debug|Any CPU.ActiveCfg = Debug|Any CPU
		{7EA8CAB5-30B9-4069-A8C5-D553CA4016B0}.Debug|Any CPU.Build.0 = Debug|Any CPU
		{7EA8CAB5-30B9-4069-A8C5-D553CA4016B0}.Release|Any CPU.ActiveCfg = Release|Any CPU
		{7EA8CAB5-30B9-4069-A8C5-D553CA4016B0}.Release|Any CPU.Build.0 = Release|Any CPU
		{4550BC11-B931-4872-87FD-726957542EFA}.Debug|Any CPU.ActiveCfg = Debug|Any CPU
		{4550BC11-B931-4872-87FD-726957542EFA}.Debug|Any CPU.Build.0 = Debug|Any CPU
		{4550BC11-B931-4872-87FD-726957542EFA}.Release|Any CPU.ActiveCfg = Release|Any CPU
		{4550BC11-B931-4872-87FD-726957542EFA}.Release|Any CPU.Build.0 = Release|Any CPU
		{6C33542A-E1A8-4487-8639-6B44D527847A}.Debug|Any CPU.ActiveCfg = Debug|Any CPU
		{6C33542A-E1A8-4487-8639-6B44D527847A}.Debug|Any CPU.Build.0 = Debug|Any CPU
		{6C33542A-E1A8-4487-8639-6B44D527847A}.Release|Any CPU.ActiveCfg = Release|Any CPU
		{6C33542A-E1A8-4487-8639-6B44D527847A}.Release|Any CPU.Build.0 = Release|Any CPU
		{969929C3-2898-49B8-9EC8-DE7A28884524}.Debug|Any CPU.ActiveCfg = Debug|Any CPU
		{969929C3-2898-49B8-9EC8-DE7A28884524}.Debug|Any CPU.Build.0 = Debug|Any CPU
		{969929C3-2898-49B8-9EC8-DE7A28884524}.Release|Any CPU.ActiveCfg = Release|Any CPU
		{969929C3-2898-49B8-9EC8-DE7A28884524}.Release|Any CPU.Build.0 = Release|Any CPU
		{3971D9AD-BB07-4675-BABF-471BE04E2490}.Debug|Any CPU.ActiveCfg = Debug|Any CPU
		{3971D9AD-BB07-4675-BABF-471BE04E2490}.Debug|Any CPU.Build.0 = Debug|Any CPU
		{3971D9AD-BB07-4675-BABF-471BE04E2490}.Release|Any CPU.ActiveCfg = Release|Any CPU
		{3971D9AD-BB07-4675-BABF-471BE04E2490}.Release|Any CPU.Build.0 = Release|Any CPU
		{061AFD8C-DEFA-4AC6-8CB5-E9A4DEF11D40}.Debug|Any CPU.ActiveCfg = Debug|Any CPU
		{061AFD8C-DEFA-4AC6-8CB5-E9A4DEF11D40}.Debug|Any CPU.Build.0 = Debug|Any CPU
		{061AFD8C-DEFA-4AC6-8CB5-E9A4DEF11D40}.Release|Any CPU.ActiveCfg = Release|Any CPU
		{061AFD8C-DEFA-4AC6-8CB5-E9A4DEF11D40}.Release|Any CPU.Build.0 = Release|Any CPU
		{03B91668-CF22-48FB-8853-82ABFA6E2A27}.Debug|Any CPU.ActiveCfg = Debug|Any CPU
		{03B91668-CF22-48FB-8853-82ABFA6E2A27}.Debug|Any CPU.Build.0 = Debug|Any CPU
		{03B91668-CF22-48FB-8853-82ABFA6E2A27}.Release|Any CPU.ActiveCfg = Release|Any CPU
		{03B91668-CF22-48FB-8853-82ABFA6E2A27}.Release|Any CPU.Build.0 = Release|Any CPU
		{FFBE8285-9C7A-41F6-BF1E-58DE5CAC726D}.Debug|Any CPU.ActiveCfg = Debug|Any CPU
		{FFBE8285-9C7A-41F6-BF1E-58DE5CAC726D}.Debug|Any CPU.Build.0 = Debug|Any CPU
		{FFBE8285-9C7A-41F6-BF1E-58DE5CAC726D}.Release|Any CPU.ActiveCfg = Release|Any CPU
		{FFBE8285-9C7A-41F6-BF1E-58DE5CAC726D}.Release|Any CPU.Build.0 = Release|Any CPU
		{5BF3A6D6-DB75-41EE-9C84-BBFB37F03EA0}.Debug|Any CPU.ActiveCfg = Debug|Any CPU
		{5BF3A6D6-DB75-41EE-9C84-BBFB37F03EA0}.Debug|Any CPU.Build.0 = Debug|Any CPU
		{5BF3A6D6-DB75-41EE-9C84-BBFB37F03EA0}.Release|Any CPU.ActiveCfg = Release|Any CPU
		{5BF3A6D6-DB75-41EE-9C84-BBFB37F03EA0}.Release|Any CPU.Build.0 = Release|Any CPU
		{F1C57F14-C476-4063-B48F-89FB0C18BD03}.Debug|Any CPU.ActiveCfg = Debug|Any CPU
		{F1C57F14-C476-4063-B48F-89FB0C18BD03}.Debug|Any CPU.Build.0 = Debug|Any CPU
		{F1C57F14-C476-4063-B48F-89FB0C18BD03}.Release|Any CPU.ActiveCfg = Release|Any CPU
		{F1C57F14-C476-4063-B48F-89FB0C18BD03}.Release|Any CPU.Build.0 = Release|Any CPU
		{13EB667E-984E-432C-85C6-D53D60CAA18F}.Debug|Any CPU.ActiveCfg = Debug|Any CPU
		{13EB667E-984E-432C-85C6-D53D60CAA18F}.Debug|Any CPU.Build.0 = Debug|Any CPU
		{13EB667E-984E-432C-85C6-D53D60CAA18F}.Release|Any CPU.ActiveCfg = Release|Any CPU
		{13EB667E-984E-432C-85C6-D53D60CAA18F}.Release|Any CPU.Build.0 = Release|Any CPU
		{F2FCAE43-2505-4454-B8CD-85999C3274E2}.Debug|Any CPU.ActiveCfg = Debug|Any CPU
		{F2FCAE43-2505-4454-B8CD-85999C3274E2}.Debug|Any CPU.Build.0 = Debug|Any CPU
		{F2FCAE43-2505-4454-B8CD-85999C3274E2}.Release|Any CPU.ActiveCfg = Release|Any CPU
		{F2FCAE43-2505-4454-B8CD-85999C3274E2}.Release|Any CPU.Build.0 = Release|Any CPU
	EndGlobalSection
	GlobalSection(SolutionProperties) = preSolution
		HideSolutionNode = FALSE
	EndGlobalSection
	GlobalSection(NestedProjects) = preSolution
		{741F4607-7D76-481F-9D5E-015FBB95AA84} = {42293AF8-1211-4E32-8B48-1C7C473B5900}
		{7EA8CAB5-30B9-4069-A8C5-D553CA4016B0} = {42293AF8-1211-4E32-8B48-1C7C473B5900}
		{4550BC11-B931-4872-87FD-726957542EFA} = {42293AF8-1211-4E32-8B48-1C7C473B5900}
		{6C33542A-E1A8-4487-8639-6B44D527847A} = {42293AF8-1211-4E32-8B48-1C7C473B5900}
		{969929C3-2898-49B8-9EC8-DE7A28884524} = {42293AF8-1211-4E32-8B48-1C7C473B5900}
		{3971D9AD-BB07-4675-BABF-471BE04E2490} = {42293AF8-1211-4E32-8B48-1C7C473B5900}
		{061AFD8C-DEFA-4AC6-8CB5-E9A4DEF11D40} = {42293AF8-1211-4E32-8B48-1C7C473B5900}
		{03B91668-CF22-48FB-8853-82ABFA6E2A27} = {42293AF8-1211-4E32-8B48-1C7C473B5900}
		{FFBE8285-9C7A-41F6-BF1E-58DE5CAC726D} = {42293AF8-1211-4E32-8B48-1C7C473B5900}
		{5BF3A6D6-DB75-41EE-9C84-BBFB37F03EA0} = {42293AF8-1211-4E32-8B48-1C7C473B5900}
		{F1C57F14-C476-4063-B48F-89FB0C18BD03} = {42293AF8-1211-4E32-8B48-1C7C473B5900}
		{13EB667E-984E-432C-85C6-D53D60CAA18F} = {42293AF8-1211-4E32-8B48-1C7C473B5900}
		{F2FCAE43-2505-4454-B8CD-85999C3274E2} = {42293AF8-1211-4E32-8B48-1C7C473B5900}
	EndGlobalSection
EndGlobal
